
Microsoft Visual Studio Solution File, Format Version 12.00
# Visual Studio Version 17
VisualStudioVersion = 17.1.32328.378
MinimumVisualStudioVersion = 10.0.40219.1
Project("{9A19103F-16F7-4668-BE54-9A1E7A4F7556}") = "MyTravels.WebApi", "MyTravels.WebApi\MyTravels.WebApi.csproj", "{DCF65455-56C6-4ED4-B9D8-DCAAB24C59D1}"
EndProject
Project("{FAE04EC0-301F-11D3-BF4B-00C04F79EFBC}") = "MyTravels.Core", "MyTravels.Core\MyTravels.Core.csproj", "{AE2101ED-0B63-4B58-BBBA-36DDCB2A2DBA}"
EndProject
Global
	GlobalSection(SolutionConfigurationPlatforms) = preSolution
		Debug|Any CPU = Debug|Any CPU
		Release|Any CPU = Release|Any CPU
	EndGlobalSection
	GlobalSection(ProjectConfigurationPlatforms) = postSolution
		{DCF65455-56C6-4ED4-B9D8-DCAAB24C59D1}.Debug|Any CPU.ActiveCfg = Debug|Any CPU
		{DCF65455-56C6-4ED4-B9D8-DCAAB24C59D1}.Debug|Any CPU.Build.0 = Debug|Any CPU
		{DCF65455-56C6-4ED4-B9D8-DCAAB24C59D1}.Release|Any CPU.ActiveCfg = Release|Any CPU
		{DCF65455-56C6-4ED4-B9D8-DCAAB24C59D1}.Release|Any CPU.Build.0 = Release|Any CPU
		{AE2101ED-0B63-4B58-BBBA-36DDCB2A2DBA}.Debug|Any CPU.ActiveCfg = Debug|Any CPU
		{AE2101ED-0B63-4B58-BBBA-36DDCB2A2DBA}.Debug|Any CPU.Build.0 = Debug|Any CPU
		{AE2101ED-0B63-4B58-BBBA-36DDCB2A2DBA}.Release|Any CPU.ActiveCfg = Release|Any CPU
		{AE2101ED-0B63-4B58-BBBA-36DDCB2A2DBA}.Release|Any CPU.Build.0 = Release|Any CPU
	EndGlobalSection
	GlobalSection(SolutionProperties) = preSolution
		HideSolutionNode = FALSE
	EndGlobalSection
	GlobalSection(ExtensibilityGlobals) = postSolution
		SolutionGuid = {1FFA9AAD-3CEC-4F4D-BBF7-E98C4AE27496}
	EndGlobalSection
EndGlobal
